// !$*UTF8*$!
{
	archiveVersion = 1;
	classes = {
	};
	objectVersion = 56;
	objects = {

/* Begin PBXBuildFile section */
		523C407B2A5D674600116680 /* SnapKit in Frameworks */ = {isa = PBXBuildFile; productRef = 523C407A2A5D674600116680 /* SnapKit */; };
		5293CC7F2A5C1C1A00C80114 /* AppDelegate.swift in Sources */ = {isa = PBXBuildFile; fileRef = 5293CC7E2A5C1C1A00C80114 /* AppDelegate.swift */; };
		5293CC812A5C1C1A00C80114 /* SceneDelegate.swift in Sources */ = {isa = PBXBuildFile; fileRef = 5293CC802A5C1C1A00C80114 /* SceneDelegate.swift */; };
		5293CC832A5C1C1A00C80114 /* ViewController.swift in Sources */ = {isa = PBXBuildFile; fileRef = 5293CC822A5C1C1A00C80114 /* ViewController.swift */; };
		5293CC862A5C1C1A00C80114 /* Main.storyboard in Resources */ = {isa = PBXBuildFile; fileRef = 5293CC842A5C1C1A00C80114 /* Main.storyboard */; };
		5293CC882A5C1C1C00C80114 /* Assets.xcassets in Resources */ = {isa = PBXBuildFile; fileRef = 5293CC872A5C1C1C00C80114 /* Assets.xcassets */; };
		5293CC8B2A5C1C1C00C80114 /* LaunchScreen.storyboard in Resources */ = {isa = PBXBuildFile; fileRef = 5293CC892A5C1C1C00C80114 /* LaunchScreen.storyboard */; };
		5293CC942A5C1C2B00C80114 /* Alamofire in Frameworks */ = {isa = PBXBuildFile; productRef = 5293CC932A5C1C2B00C80114 /* Alamofire */; };
		5293CC962A5C1C6F00C80114 /* APICaller.swift in Sources */ = {isa = PBXBuildFile; fileRef = 5293CC952A5C1C6F00C80114 /* APICaller.swift */; };
/* End PBXBuildFile section */

/* Begin PBXFileReference section */
		5293CC7B2A5C1C1A00C80114 /* testcall.app */ = {isa = PBXFileReference; explicitFileType = wrapper.application; includeInIndex = 0; path = testcall.app; sourceTree = BUILT_PRODUCTS_DIR; };
		5293CC7E2A5C1C1A00C80114 /* AppDelegate.swift */ = {isa = PBXFileReference; lastKnownFileType = sourcecode.swift; path = AppDelegate.swift; sourceTree = "<group>"; };
		5293CC802A5C1C1A00C80114 /* SceneDelegate.swift */ = {isa = PBXFileReference; lastKnownFileType = sourcecode.swift; path = SceneDelegate.swift; sourceTree = "<group>"; };
		5293CC822A5C1C1A00C80114 /* ViewController.swift */ = {isa = PBXFileReference; lastKnownFileType = sourcecode.swift; path = ViewController.swift; sourceTree = "<group>"; };
		5293CC852A5C1C1A00C80114 /* Base */ = {isa = PBXFileReference; lastKnownFileType = file.storyboard; name = Base; path = Base.lproj/Main.storyboard; sourceTree = "<group>"; };
		5293CC872A5C1C1C00C80114 /* Assets.xcassets */ = {isa = PBXFileReference; lastKnownFileType = folder.assetcatalog; path = Assets.xcassets; sourceTree = "<group>"; };
		5293CC8A2A5C1C1C00C80114 /* Base */ = {isa = PBXFileReference; lastKnownFileType = file.storyboard; name = Base; path = Base.lproj/LaunchScreen.storyboard; sourceTree = "<group>"; };
		5293CC8C2A5C1C1C00C80114 /* Info.plist */ = {isa = PBXFileReference; lastKnownFileType = text.plist.xml; path = Info.plist; sourceTree = "<group>"; };
		5293CC952A5C1C6F00C80114 /* APICaller.swift */ = {isa = PBXFileReference; lastKnownFileType = sourcecode.swift; path = APICaller.swift; sourceTree = "<group>"; };
/* End PBXFileReference section */

/* Begin PBXFrameworksBuildPhase section */
		5293CC782A5C1C1A00C80114 /* Frameworks */ = {
			isa = PBXFrameworksBuildPhase;
			buildActionMask = 2147483647;
			files = (
				5293CC942A5C1C2B00C80114 /* Alamofire in Frameworks */,
				523C407B2A5D674600116680 /* SnapKit in Frameworks */,
			);
			runOnlyForDeploymentPostprocessing = 0;
		};
/* End PBXFrameworksBuildPhase section */

/* Begin PBXGroup section */
		5293CC722A5C1C1A00C80114 = {
			isa = PBXGroup;
			children = (
				5293CC7D2A5C1C1A00C80114 /* testcall */,
				5293CC7C2A5C1C1A00C80114 /* Products */,
			);
			sourceTree = "<group>";
		};
		5293CC7C2A5C1C1A00C80114 /* Products */ = {
			isa = PBXGroup;
			children = (
				5293CC7B2A5C1C1A00C80114 /* testcall.app */,
			);
			name = Products;
			sourceTree = "<group>";
		};
		5293CC7D2A5C1C1A00C80114 /* testcall */ = {
			isa = PBXGroup;
			children = (
				5293CC7E2A5C1C1A00C80114 /* AppDelegate.swift */,
				5293CC802A5C1C1A00C80114 /* SceneDelegate.swift */,
				5293CC822A5C1C1A00C80114 /* ViewController.swift */,
				5293CC842A5C1C1A00C80114 /* Main.storyboard */,
				5293CC872A5C1C1C00C80114 /* Assets.xcassets */,
				5293CC892A5C1C1C00C80114 /* LaunchScreen.storyboard */,
				5293CC8C2A5C1C1C00C80114 /* Info.plist */,
				5293CC952A5C1C6F00C80114 /* APICaller.swift */,
			);
			path = testcall;
			sourceTree = "<group>";
		};
/* End PBXGroup section */

/* Begin PBXNativeTarget section */
		5293CC7A2A5C1C1A00C80114 /* testcall */ = {
			isa = PBXNativeTarget;
			buildConfigurationList = 5293CC8F2A5C1C1C00C80114 /* Build configuration list for PBXNativeTarget "testcall" */;
			buildPhases = (
				5293CC772A5C1C1A00C80114 /* Sources */,
				5293CC782A5C1C1A00C80114 /* Frameworks */,
				5293CC792A5C1C1A00C80114 /* Resources */,
			);
			buildRules = (
			);
			dependencies = (
			);
			name = testcall;
			packageProductDependencies = (
				5293CC932A5C1C2B00C80114 /* Alamofire */,
				523C407A2A5D674600116680 /* SnapKit */,
			);
			productName = testcall;
			productReference = 5293CC7B2A5C1C1A00C80114 /* testcall.app */;
			productType = "com.apple.product-type.application";
		};
/* End PBXNativeTarget section */

/* Begin PBXProject section */
		5293CC732A5C1C1A00C80114 /* Project object */ = {
			isa = PBXProject;
			attributes = {
				BuildIndependentTargetsInParallel = 1;
				LastSwiftUpdateCheck = 1430;
				LastUpgradeCheck = 1430;
				TargetAttributes = {
					5293CC7A2A5C1C1A00C80114 = {
						CreatedOnToolsVersion = 14.3;
					};
				};
			};
			buildConfigurationList = 5293CC762A5C1C1A00C80114 /* Build configuration list for PBXProject "testcall" */;
			compatibilityVersion = "Xcode 14.0";
			developmentRegion = en;
			hasScannedForEncodings = 0;
			knownRegions = (
				en,
				Base,
			);
			mainGroup = 5293CC722A5C1C1A00C80114;
			packageReferences = (
				5293CC922A5C1C2B00C80114 /* XCRemoteSwiftPackageReference "Alamofire" */,
				523C40792A5D674600116680 /* XCRemoteSwiftPackageReference "SnapKit" */,
			);
			productRefGroup = 5293CC7C2A5C1C1A00C80114 /* Products */;
			projectDirPath = "";
			projectRoot = "";
			targets = (
				5293CC7A2A5C1C1A00C80114 /* testcall */,
			);
		};
/* End PBXProject section */

/* Begin PBXResourcesBuildPhase section */
		5293CC792A5C1C1A00C80114 /* Resources */ = {
			isa = PBXResourcesBuildPhase;
			buildActionMask = 2147483647;
			files = (
				5293CC8B2A5C1C1C00C80114 /* LaunchScreen.storyboard in Resources */,
				5293CC882A5C1C1C00C80114 /* Assets.xcassets in Resources */,
				5293CC862A5C1C1A00C80114 /* Main.storyboard in Resources */,
			);
			runOnlyForDeploymentPostprocessing = 0;
		};
/* End PBXResourcesBuildPhase section */

/* Begin PBXSourcesBuildPhase section */
		5293CC772A5C1C1A00C80114 /* Sources */ = {
			isa = PBXSourcesBuildPhase;
			buildActionMask = 2147483647;
			files = (
				5293CC832A5C1C1A00C80114 /* ViewController.swift in Sources */,
				5293CC7F2A5C1C1A00C80114 /* AppDelegate.swift in Sources */,
				5293CC812A5C1C1A00C80114 /* SceneDelegate.swift in Sources */,
				5293CC962A5C1C6F00C80114 /* APICaller.swift in Sources */,
			);
			runOnlyForDeploymentPostprocessing = 0;
		};
/* End PBXSourcesBuildPhase section */

/* Begin PBXVariantGroup section */
		5293CC842A5C1C1A00C80114 /* Main.storyboard */ = {
			isa = PBXVariantGroup;
			children = (
				5293CC852A5C1C1A00C80114 /* Base */,
			);
			name = Main.storyboard;
			sourceTree = "<group>";
		};
		5293CC892A5C1C1C00C80114 /* LaunchScreen.storyboard */ = {
			isa = PBXVariantGroup;
			children = (
				5293CC8A2A5C1C1C00C80114 /* Base */,
			);
			name = LaunchScreen.storyboard;
			sourceTree = "<group>";
		};
/* End PBXVariantGroup section */

/* Begin XCBuildConfiguration section */
		5293CC8D2A5C1C1C00C80114 /* Debug */ = {
			isa = XCBuildConfiguration;
			buildSettings = {
				ALWAYS_SEARCH_USER_PATHS = NO;
				CLANG_ANALYZER_NONNULL = YES;
				CLANG_ANALYZER_NUMBER_OBJECT_CONVERSION = YES_AGGRESSIVE;
				CLANG_CXX_LANGUAGE_STANDARD = "gnu++20";
				CLANG_ENABLE_MODULES = YES;
				CLANG_ENABLE_OBJC_ARC = YES;
				CLANG_ENABLE_OBJC_WEAK = YES;
				CLANG_WARN_BLOCK_CAPTURE_AUTORELEASING = YES;
				CLANG_WARN_BOOL_CONVERSION = YES;
				CLANG_WARN_COMMA = YES;
				CLANG_WARN_CONSTANT_CONVERSION = YES;
				CLANG_WARN_DEPRECATED_OBJC_IMPLEMENTATIONS = YES;
				CLANG_WARN_DIRECT_OBJC_ISA_USAGE = YES_ERROR;
				CLANG_WARN_DOCUMENTATION_COMMENTS = YES;
				CLANG_WARN_EMPTY_BODY = YES;
				CLANG_WARN_ENUM_CONVERSION = YES;
				CLANG_WARN_INFINITE_RECURSION = YES;
				CLANG_WARN_INT_CONVERSION = YES;
				CLANG_WARN_NON_LITERAL_NULL_CONVERSION = YES;
				CLANG_WARN_OBJC_IMPLICIT_RETAIN_SELF = YES;
				CLANG_WARN_OBJC_LITERAL_CONVERSION = YES;
				CLANG_WARN_OBJC_ROOT_CLASS = YES_ERROR;
				CLANG_WARN_QUOTED_INCLUDE_IN_FRAMEWORK_HEADER = YES;
				CLANG_WARN_RANGE_LOOP_ANALYSIS = YES;
				CLANG_WARN_STRICT_PROTOTYPES = YES;
				CLANG_WARN_SUSPICIOUS_MOVE = YES;
				CLANG_WARN_UNGUARDED_AVAILABILITY = YES_AGGRESSIVE;
				CLANG_WARN_UNREACHABLE_CODE = YES;
				CLANG_WARN__DUPLICATE_METHOD_MATCH = YES;
				COPY_PHASE_STRIP = NO;
				DEBUG_INFORMATION_FORMAT = dwarf;
				ENABLE_STRICT_OBJC_MSGSEND = YES;
				ENABLE_TESTABILITY = YES;
				GCC_C_LANGUAGE_STANDARD = gnu11;
				GCC_DYNAMIC_NO_PIC = NO;
				GCC_NO_COMMON_BLOCKS = YES;
				GCC_OPTIMIZATION_LEVEL = 0;
				GCC_PREPROCESSOR_DEFINITIONS = (
					"DEBUG=1",
					"$(inherited)",
				);
				GCC_WARN_64_TO_32_BIT_CONVERSION = YES;
				GCC_WARN_ABOUT_RETURN_TYPE = YES_ERROR;
				GCC_WARN_UNDECLARED_SELECTOR = YES;
				GCC_WARN_UNINITIALIZED_AUTOS = YES_AGGRESSIVE;
				GCC_WARN_UNUSED_FUNCTION = YES;
				GCC_WARN_UNUSED_VARIABLE = YES;
				IPHONEOS_DEPLOYMENT_TARGET = 16.4;
				MTL_ENABLE_DEBUG_INFO = INCLUDE_SOURCE;
				MTL_FAST_MATH = YES;
				ONLY_ACTIVE_ARCH = YES;
				SDKROOT = iphoneos;
				SWIFT_ACTIVE_COMPILATION_CONDITIONS = DEBUG;
				SWIFT_OPTIMIZATION_LEVEL = "-Onone";
			};
			name = Debug;
		};
		5293CC8E2A5C1C1C00C80114 /* Release */ = {
			isa = XCBuildConfiguration;
			buildSettings = {
				ALWAYS_SEARCH_USER_PATHS = NO;
				CLANG_ANALYZER_NONNULL = YES;
				CLANG_ANALYZER_NUMBER_OBJECT_CONVERSION = YES_AGGRESSIVE;
				CLANG_CXX_LANGUAGE_STANDARD = "gnu++20";
				CLANG_ENABLE_MODULES = YES;
				CLANG_ENABLE_OBJC_ARC = YES;
				CLANG_ENABLE_OBJC_WEAK = YES;
				CLANG_WARN_BLOCK_CAPTURE_AUTORELEASING = YES;
				CLANG_WARN_BOOL_CONVERSION = YES;
				CLANG_WARN_COMMA = YES;
				CLANG_WARN_CONSTANT_CONVERSION = YES;
				CLANG_WARN_DEPRECATED_OBJC_IMPLEMENTATIONS = YES;
				CLANG_WARN_DIRECT_OBJC_ISA_USAGE = YES_ERROR;
				CLANG_WARN_DOCUMENTATION_COMMENTS = YES;
				CLANG_WARN_EMPTY_BODY = YES;
				CLANG_WARN_ENUM_CONVERSION = YES;
				CLANG_WARN_INFINITE_RECURSION = YES;
				CLANG_WARN_INT_CONVERSION = YES;
				CLANG_WARN_NON_LITERAL_NULL_CONVERSION = YES;
				CLANG_WARN_OBJC_IMPLICIT_RETAIN_SELF = YES;
				CLANG_WARN_OBJC_LITERAL_CONVERSION = YES;
				CLANG_WARN_OBJC_ROOT_CLASS = YES_ERROR;
				CLANG_WARN_QUOTED_INCLUDE_IN_FRAMEWORK_HEADER = YES;
				CLANG_WARN_RANGE_LOOP_ANALYSIS = YES;
				CLANG_WARN_STRICT_PROTOTYPES = YES;
				CLANG_WARN_SUSPICIOUS_MOVE = YES;
				CLANG_WARN_UNGUARDED_AVAILABILITY = YES_AGGRESSIVE;
				CLANG_WARN_UNREACHABLE_CODE = YES;
				CLANG_WARN__DUPLICATE_METHOD_MATCH = YES;
				COPY_PHASE_STRIP = NO;
				DEBUG_INFORMATION_FORMAT = "dwarf-with-dsym";
				ENABLE_NS_ASSERTIONS = NO;
				ENABLE_STRICT_OBJC_MSGSEND = YES;
				GCC_C_LANGUAGE_STANDARD = gnu11;
				GCC_NO_COMMON_BLOCKS = YES;
				GCC_WARN_64_TO_32_BIT_CONVERSION = YES;
				GCC_WARN_ABOUT_RETURN_TYPE = YES_ERROR;
				GCC_WARN_UNDECLARED_SELECTOR = YES;
				GCC_WARN_UNINITIALIZED_AUTOS = YES_AGGRESSIVE;
				GCC_WARN_UNUSED_FUNCTION = YES;
				GCC_WARN_UNUSED_VARIABLE = YES;
				IPHONEOS_DEPLOYMENT_TARGET = 16.4;
				MTL_ENABLE_DEBUG_INFO = NO;
				MTL_FAST_MATH = YES;
				SDKROOT = iphoneos;
				SWIFT_COMPILATION_MODE = wholemodule;
				SWIFT_OPTIMIZATION_LEVEL = "-O";
				VALIDATE_PRODUCT = YES;
			};
			name = Release;
		};
		5293CC902A5C1C1C00C80114 /* Debug */ = {
			isa = XCBuildConfiguration;
			buildSettings = {
				ASSETCATALOG_COMPILER_APPICON_NAME = AppIcon;
				ASSETCATALOG_COMPILER_GLOBAL_ACCENT_COLOR_NAME = AccentColor;
				CODE_SIGN_STYLE = Automatic;
				CURRENT_PROJECT_VERSION = 1;
				DEVELOPMENT_TEAM = M84T2Z2B4Q;
				GENERATE_INFOPLIST_FILE = YES;
				INFOPLIST_FILE = testcall/Info.plist;
				INFOPLIST_KEY_UIApplicationSupportsIndirectInputEvents = YES;
				INFOPLIST_KEY_UILaunchStoryboardName = LaunchScreen;
				INFOPLIST_KEY_UIMainStoryboardFile = Main;
				INFOPLIST_KEY_UISupportedInterfaceOrientations_iPad = "UIInterfaceOrientationPortrait UIInterfaceOrientationPortraitUpsideDown UIInterfaceOrientationLandscapeLeft UIInterfaceOrientationLandscapeRight";
				INFOPLIST_KEY_UISupportedInterfaceOrientations_iPhone = "UIInterfaceOrientationPortrait UIInterfaceOrientationLandscapeLeft UIInterfaceOrientationLandscapeRight";
				LD_RUNPATH_SEARCH_PATHS = (
					"$(inherited)",
					"@executable_path/Frameworks",
				);
				MARKETING_VERSION = 1.0;
				PRODUCT_BUNDLE_IDENTIFIER = com.omernayir.testcall;
				PRODUCT_NAME = "$(TARGET_NAME)";
				SWIFT_EMIT_LOC_STRINGS = YES;
				SWIFT_VERSION = 5.0;
				TARGETED_DEVICE_FAMILY = "1,2";
			};
			name = Debug;
		};
		5293CC912A5C1C1C00C80114 /* Release */ = {
			isa = XCBuildConfiguration;
			buildSettings = {
				ASSETCATALOG_COMPILER_APPICON_NAME = AppIcon;
				ASSETCATALOG_COMPILER_GLOBAL_ACCENT_COLOR_NAME = AccentColor;
				CODE_SIGN_STYLE = Automatic;
				CURRENT_PROJECT_VERSION = 1;
				DEVELOPMENT_TEAM = M84T2Z2B4Q;
				GENERATE_INFOPLIST_FILE = YES;
				INFOPLIST_FILE = testcall/Info.plist;
				INFOPLIST_KEY_UIApplicationSupportsIndirectInputEvents = YES;
				INFOPLIST_KEY_UILaunchStoryboardName = LaunchScreen;
				INFOPLIST_KEY_UIMainStoryboardFile = Main;
				INFOPLIST_KEY_UISupportedInterfaceOrientations_iPad = "UIInterfaceOrientationPortrait UIInterfaceOrientationPortraitUpsideDown UIInterfaceOrientationLandscapeLeft UIInterfaceOrientationLandscapeRight";
				INFOPLIST_KEY_UISupportedInterfaceOrientations_iPhone = "UIInterfaceOrientationPortrait UIInterfaceOrientationLandscapeLeft UIInterfaceOrientationLandscapeRight";
				LD_RUNPATH_SEARCH_PATHS = (
					"$(inherited)",
					"@executable_path/Frameworks",
				);
				MARKETING_VERSION = 1.0;
				PRODUCT_BUNDLE_IDENTIFIER = com.omernayir.testcall;
				PRODUCT_NAME = "$(TARGET_NAME)";
				SWIFT_EMIT_LOC_STRINGS = YES;
				SWIFT_VERSION = 5.0;
				TARGETED_DEVICE_FAMILY = "1,2";
			};
			name = Release;
		};
/* End XCBuildConfiguration section */

/* Begin XCConfigurationList section */
		5293CC762A5C1C1A00C80114 /* Build configuration list for PBXProject "testcall" */ = {
			isa = XCConfigurationList;
			buildConfigurations = (
				5293CC8D2A5C1C1C00C80114 /* Debug */,
				5293CC8E2A5C1C1C00C80114 /* Release */,
			);
			defaultConfigurationIsVisible = 0;
			defaultConfigurationName = Release;
		};
		5293CC8F2A5C1C1C00C80114 /* Build configuration list for PBXNativeTarget "testcall" */ = {
			isa = XCConfigurationList;
			buildConfigurations = (
				5293CC902A5C1C1C00C80114 /* Debug */,
				5293CC912A5C1C1C00C80114 /* Release */,
			);
			defaultConfigurationIsVisible = 0;
			defaultConfigurationName = Release;
		};
/* End XCConfigurationList section */

/* Begin XCRemoteSwiftPackageReference section */
		523C40792A5D674600116680 /* XCRemoteSwiftPackageReference "SnapKit" */ = {
			isa = XCRemoteSwiftPackageReference;
			repositoryURL = "https://github.com/SnapKit/SnapKit.git";
			requirement = {
				kind = upToNextMajorVersion;
				minimumVersion = 5.0.0;
			};
		};
		5293CC922A5C1C2B00C80114 /* XCRemoteSwiftPackageReference "Alamofire" */ = {
			isa = XCRemoteSwiftPackageReference;
			repositoryURL = "https://github.com/Alamofire/Alamofire.git";
			requirement = {
				kind = upToNextMajorVersion;
				minimumVersion = 5.0.0;
			};
		};
/* End XCRemoteSwiftPackageReference section */

/* Begin XCSwiftPackageProductDependency section */
		523C407A2A5D674600116680 /* SnapKit */ = {
			isa = XCSwiftPackageProductDependency;
			package = 523C40792A5D674600116680 /* XCRemoteSwiftPackageReference "SnapKit" */;
			productName = SnapKit;
		};
		5293CC932A5C1C2B00C80114 /* Alamofire */ = {
			isa = XCSwiftPackageProductDependency;
			package = 5293CC922A5C1C2B00C80114 /* XCRemoteSwiftPackageReference "Alamofire" */;
			productName = Alamofire;
		};
/* End XCSwiftPackageProductDependency section */
	};
	rootObject = 5293CC732A5C1C1A00C80114 /* Project object */;
}
